
Microsoft Visual Studio Solution File, Format Version 11.00
# Visual Studio 2010
Project("{FAE04EC0-301F-11D3-BF4B-00C04F79EFBC}") = "Tests", "Tests\Tests.csproj", "{857BFC3A-CEFE-41B5-B574-2283B8C67DD4}"
EndProject
Project("{FAE04EC0-301F-11D3-BF4B-00C04F79EFBC}") = "Model", "Model\Model.csproj", "{BBA88885-55D7-4F4D-8AC4-AA7AD6F991BD}"
EndProject
Project("{FAE04EC0-301F-11D3-BF4B-00C04F79EFBC}") = "View_ASP", "View_ASP\View_ASP.csproj", "{1D2DBA49-A231-4220-A330-559191F1FA09}"
EndProject
Global
	GlobalSection(SolutionConfigurationPlatforms) = preSolution
		Debug|Any CPU = Debug|Any CPU
		Debug|Mixed Platforms = Debug|Mixed Platforms
		Debug|x86 = Debug|x86
		Release|Any CPU = Release|Any CPU
		Release|Mixed Platforms = Release|Mixed Platforms
		Release|x86 = Release|x86
	EndGlobalSection
	GlobalSection(ProjectConfigurationPlatforms) = postSolution
		{857BFC3A-CEFE-41B5-B574-2283B8C67DD4}.Debug|Any CPU.ActiveCfg = Debug|x86
		{857BFC3A-CEFE-41B5-B574-2283B8C67DD4}.Debug|Mixed Platforms.ActiveCfg = Debug|x86
		{857BFC3A-CEFE-41B5-B574-2283B8C67DD4}.Debug|Mixed Platforms.Build.0 = Debug|x86
		{857BFC3A-CEFE-41B5-B574-2283B8C67DD4}.Debug|x86.ActiveCfg = Debug|x86
		{857BFC3A-CEFE-41B5-B574-2283B8C67DD4}.Debug|x86.Build.0 = Debug|x86
		{857BFC3A-CEFE-41B5-B574-2283B8C67DD4}.Release|Any CPU.ActiveCfg = Release|x86
		{857BFC3A-CEFE-41B5-B574-2283B8C67DD4}.Release|Mixed Platforms.ActiveCfg = Release|x86
		{857BFC3A-CEFE-41B5-B574-2283B8C67DD4}.Release|Mixed Platforms.Build.0 = Release|x86
		{857BFC3A-CEFE-41B5-B574-2283B8C67DD4}.Release|x86.ActiveCfg = Release|x86
		{857BFC3A-CEFE-41B5-B574-2283B8C67DD4}.Release|x86.Build.0 = Release|x86
		{BBA88885-55D7-4F4D-8AC4-AA7AD6F991BD}.Debug|Any CPU.ActiveCfg = Debug|x86
		{BBA88885-55D7-4F4D-8AC4-AA7AD6F991BD}.Debug|Mixed Platforms.ActiveCfg = Debug|x86
		{BBA88885-55D7-4F4D-8AC4-AA7AD6F991BD}.Debug|Mixed Platforms.Build.0 = Debug|x86
		{BBA88885-55D7-4F4D-8AC4-AA7AD6F991BD}.Debug|x86.ActiveCfg = Debug|x86
		{BBA88885-55D7-4F4D-8AC4-AA7AD6F991BD}.Debug|x86.Build.0 = Debug|x86
		{BBA88885-55D7-4F4D-8AC4-AA7AD6F991BD}.Release|Any CPU.ActiveCfg = Release|x86
		{BBA88885-55D7-4F4D-8AC4-AA7AD6F991BD}.Release|Mixed Platforms.ActiveCfg = Release|x86
		{BBA88885-55D7-4F4D-8AC4-AA7AD6F991BD}.Release|Mixed Platforms.Build.0 = Release|x86
		{BBA88885-55D7-4F4D-8AC4-AA7AD6F991BD}.Release|x86.ActiveCfg = Release|x86
		{BBA88885-55D7-4F4D-8AC4-AA7AD6F991BD}.Release|x86.Build.0 = Release|x86
		{1D2DBA49-A231-4220-A330-559191F1FA09}.Debug|Any CPU.ActiveCfg = Debug|Any CPU
		{1D2DBA49-A231-4220-A330-559191F1FA09}.Debug|Any CPU.Build.0 = Debug|Any CPU
		{1D2DBA49-A231-4220-A330-559191F1FA09}.Debug|Mixed Platforms.ActiveCfg = Debug|Any CPU
		{1D2DBA49-A231-4220-A330-559191F1FA09}.Debug|Mixed Platforms.Build.0 = Debug|Any CPU
		{1D2DBA49-A231-4220-A330-559191F1FA09}.Debug|x86.ActiveCfg = Debug|Any CPU
		{1D2DBA49-A231-4220-A330-559191F1FA09}.Release|Any CPU.ActiveCfg = Release|Any CPU
		{1D2DBA49-A231-4220-A330-559191F1FA09}.Release|Any CPU.Build.0 = Release|Any CPU
		{1D2DBA49-A231-4220-A330-559191F1FA09}.Release|Mixed Platforms.ActiveCfg = Release|Any CPU
		{1D2DBA49-A231-4220-A330-559191F1FA09}.Release|Mixed Platforms.Build.0 = Release|Any CPU
		{1D2DBA49-A231-4220-A330-559191F1FA09}.Release|x86.ActiveCfg = Release|Any CPU
	EndGlobalSection
	GlobalSection(SolutionProperties) = preSolution
		HideSolutionNode = FALSE
	EndGlobalSection
EndGlobal
