
Microsoft Visual Studio Solution File, Format Version 11.00
# Visual C# Express 2010
Project("{FAE04EC0-301F-11D3-BF4B-00C04F79EFBC}") = "TimetableProject", "Timetable\TimetableProject.csproj", "{9492E2CF-5DF5-42FB-AEA4-E7796848EB60}"
EndProject
Project("{FAE04EC0-301F-11D3-BF4B-00C04F79EFBC}") = "Tests", "Tests\Tests.csproj", "{857BFC3A-CEFE-41B5-B574-2283B8C67DD4}"
EndProject
Project("{FAE04EC0-301F-11D3-BF4B-00C04F79EFBC}") = "Model", "ConsoleApplication1\Model.csproj", "{BBA88885-55D7-4F4D-8AC4-AA7AD6F991BD}"
EndProject
Global
	GlobalSection(SolutionConfigurationPlatforms) = preSolution
		Debug|x86 = Debug|x86
		Release|x86 = Release|x86
	EndGlobalSection
	GlobalSection(ProjectConfigurationPlatforms) = postSolution
		{9492E2CF-5DF5-42FB-AEA4-E7796848EB60}.Debug|x86.ActiveCfg = Debug|x86
		{9492E2CF-5DF5-42FB-AEA4-E7796848EB60}.Debug|x86.Build.0 = Debug|x86
		{9492E2CF-5DF5-42FB-AEA4-E7796848EB60}.Release|x86.ActiveCfg = Release|x86
		{9492E2CF-5DF5-42FB-AEA4-E7796848EB60}.Release|x86.Build.0 = Release|x86
		{857BFC3A-CEFE-41B5-B574-2283B8C67DD4}.Debug|x86.ActiveCfg = Debug|x86
		{857BFC3A-CEFE-41B5-B574-2283B8C67DD4}.Debug|x86.Build.0 = Debug|x86
		{857BFC3A-CEFE-41B5-B574-2283B8C67DD4}.Release|x86.ActiveCfg = Release|x86
		{857BFC3A-CEFE-41B5-B574-2283B8C67DD4}.Release|x86.Build.0 = Release|x86
		{BBA88885-55D7-4F4D-8AC4-AA7AD6F991BD}.Debug|x86.ActiveCfg = Debug|x86
		{BBA88885-55D7-4F4D-8AC4-AA7AD6F991BD}.Debug|x86.Build.0 = Debug|x86
		{BBA88885-55D7-4F4D-8AC4-AA7AD6F991BD}.Release|x86.ActiveCfg = Release|x86
		{BBA88885-55D7-4F4D-8AC4-AA7AD6F991BD}.Release|x86.Build.0 = Release|x86
	EndGlobalSection
	GlobalSection(SolutionProperties) = preSolution
		HideSolutionNode = FALSE
	EndGlobalSection
EndGlobal
